
Microsoft Visual Studio Solution File, Format Version 12.00
# Visual Studio Version 17
VisualStudioVersion = 17.14.36408.4 d17.14
MinimumVisualStudioVersion = 10.0.40219.1
Project("{FAE04EC0-301F-11D3-BF4B-00C04F79EFBC}") = "Practico 4", "Practico 4.csproj", "{8639CCF6-C839-4D23-8BF6-45916FEBE591}"
EndProject
Project("{FAE04EC0-301F-11D3-BF4B-00C04F79EFBC}") = "Practico 5", "..\Practico 5\Practico 5.csproj", "{79E1008B-4160-4BB6-A691-C93153E76546}"
EndProject
Global
	GlobalSection(SolutionConfigurationPlatforms) = preSolution
		Debug|Any CPU = Debug|Any CPU
		Release|Any CPU = Release|Any CPU
	EndGlobalSection
	GlobalSection(ProjectConfigurationPlatforms) = postSolution
		{8639CCF6-C839-4D23-8BF6-45916FEBE591}.Debug|Any CPU.ActiveCfg = Debug|Any CPU
		{8639CCF6-C839-4D23-8BF6-45916FEBE591}.Debug|Any CPU.Build.0 = Debug|Any CPU
		{8639CCF6-C839-4D23-8BF6-45916FEBE591}.Release|Any CPU.ActiveCfg = Release|Any CPU
		{8639CCF6-C839-4D23-8BF6-45916FEBE591}.Release|Any CPU.Build.0 = Release|Any CPU
		{79E1008B-4160-4BB6-A691-C93153E76546}.Debug|Any CPU.ActiveCfg = Debug|Any CPU
		{79E1008B-4160-4BB6-A691-C93153E76546}.Debug|Any CPU.Build.0 = Debug|Any CPU
		{79E1008B-4160-4BB6-A691-C93153E76546}.Release|Any CPU.ActiveCfg = Release|Any CPU
		{79E1008B-4160-4BB6-A691-C93153E76546}.Release|Any CPU.Build.0 = Release|Any CPU
	EndGlobalSection
	GlobalSection(SolutionProperties) = preSolution
		HideSolutionNode = FALSE
	EndGlobalSection
	GlobalSection(ExtensibilityGlobals) = postSolution
		SolutionGuid = {58501D7E-A427-453C-8535-B4A965A96A2A}
	EndGlobalSection
EndGlobal
